
Microsoft Visual Studio Solution File, Format Version 12.00
# Visual Studio Version 17
VisualStudioVersion = 17.9.34728.123
MinimumVisualStudioVersion = 10.0.40219.1
Project("{2150E333-8FDC-42A3-9474-1A3956D46DE8}") = "src", "src", "{51A2F03C-E63B-4803-B0B6-AF44B12EC6A8}"
EndProject
Project("{2150E333-8FDC-42A3-9474-1A3956D46DE8}") = "test", "test", "{27E8B02B-142E-4F1B-81FF-4E8E1BADE3A9}"
EndProject
Project("{9A19103F-16F7-4668-BE54-9A1E7A4F7556}") = "Bookify.Domain", "Bookify.Domain\Bookify.Domain.csproj", "{44EE86DD-A807-45D0-8398-7C29D532717E}"
EndProject
Project("{9A19103F-16F7-4668-BE54-9A1E7A4F7556}") = "Bookify.Application", "Bookify.Application\Bookify.Application.csproj", "{73C1A355-2F8C-4F19-BDF0-935775DBB469}"
EndProject
Project("{9A19103F-16F7-4668-BE54-9A1E7A4F7556}") = "Bookify.Infrastructure", "Bookify.Infrastructure\Bookify.Infrastructure.csproj", "{99ACDDD9-5004-46FD-B572-03424AE10960}"
EndProject
Project("{9A19103F-16F7-4668-BE54-9A1E7A4F7556}") = "Bookify.Api", "Bookify.Api\Bookify.Api.csproj", "{300D3614-48E3-457D-A083-E50C431633D4}"
EndProject
Project("{E53339B2-1760-4266-BCC7-CA923CBCF16C}") = "docker-compose", "docker-compose.dcproj", "{C34554B2-E6B1-4DC4-8A46-593E460D4526}"
EndProject
Global
	GlobalSection(SolutionConfigurationPlatforms) = preSolution
		Debug|Any CPU = Debug|Any CPU
		Release|Any CPU = Release|Any CPU
	EndGlobalSection
	GlobalSection(ProjectConfigurationPlatforms) = postSolution
		{44EE86DD-A807-45D0-8398-7C29D532717E}.Debug|Any CPU.ActiveCfg = Debug|Any CPU
		{44EE86DD-A807-45D0-8398-7C29D532717E}.Debug|Any CPU.Build.0 = Debug|Any CPU
		{44EE86DD-A807-45D0-8398-7C29D532717E}.Release|Any CPU.ActiveCfg = Release|Any CPU
		{44EE86DD-A807-45D0-8398-7C29D532717E}.Release|Any CPU.Build.0 = Release|Any CPU
		{73C1A355-2F8C-4F19-BDF0-935775DBB469}.Debug|Any CPU.ActiveCfg = Debug|Any CPU
		{73C1A355-2F8C-4F19-BDF0-935775DBB469}.Debug|Any CPU.Build.0 = Debug|Any CPU
		{73C1A355-2F8C-4F19-BDF0-935775DBB469}.Release|Any CPU.ActiveCfg = Release|Any CPU
		{73C1A355-2F8C-4F19-BDF0-935775DBB469}.Release|Any CPU.Build.0 = Release|Any CPU
		{99ACDDD9-5004-46FD-B572-03424AE10960}.Debug|Any CPU.ActiveCfg = Debug|Any CPU
		{99ACDDD9-5004-46FD-B572-03424AE10960}.Debug|Any CPU.Build.0 = Debug|Any CPU
		{99ACDDD9-5004-46FD-B572-03424AE10960}.Release|Any CPU.ActiveCfg = Release|Any CPU
		{99ACDDD9-5004-46FD-B572-03424AE10960}.Release|Any CPU.Build.0 = Release|Any CPU
		{300D3614-48E3-457D-A083-E50C431633D4}.Debug|Any CPU.ActiveCfg = Debug|Any CPU
		{300D3614-48E3-457D-A083-E50C431633D4}.Debug|Any CPU.Build.0 = Debug|Any CPU
		{300D3614-48E3-457D-A083-E50C431633D4}.Release|Any CPU.ActiveCfg = Release|Any CPU
		{300D3614-48E3-457D-A083-E50C431633D4}.Release|Any CPU.Build.0 = Release|Any CPU
		{C34554B2-E6B1-4DC4-8A46-593E460D4526}.Debug|Any CPU.ActiveCfg = Debug|Any CPU
		{C34554B2-E6B1-4DC4-8A46-593E460D4526}.Debug|Any CPU.Build.0 = Debug|Any CPU
		{C34554B2-E6B1-4DC4-8A46-593E460D4526}.Release|Any CPU.ActiveCfg = Release|Any CPU
		{C34554B2-E6B1-4DC4-8A46-593E460D4526}.Release|Any CPU.Build.0 = Release|Any CPU
	EndGlobalSection
	GlobalSection(SolutionProperties) = preSolution
		HideSolutionNode = FALSE
	EndGlobalSection
	GlobalSection(NestedProjects) = preSolution
		{44EE86DD-A807-45D0-8398-7C29D532717E} = {51A2F03C-E63B-4803-B0B6-AF44B12EC6A8}
		{73C1A355-2F8C-4F19-BDF0-935775DBB469} = {51A2F03C-E63B-4803-B0B6-AF44B12EC6A8}
		{99ACDDD9-5004-46FD-B572-03424AE10960} = {51A2F03C-E63B-4803-B0B6-AF44B12EC6A8}
		{300D3614-48E3-457D-A083-E50C431633D4} = {51A2F03C-E63B-4803-B0B6-AF44B12EC6A8}
	EndGlobalSection
	GlobalSection(ExtensibilityGlobals) = postSolution
		SolutionGuid = {A22B54F1-4C01-459F-BC95-9762D15CAD47}
	EndGlobalSection
EndGlobal
